// !$*UTF8*$!
{
	archiveVersion = 1;
	classes = {
	};
	objectVersion = 46;
	objects = {

/* Begin PBXBuildFile section */
		BD0E3AE01E35C79300559A30 /* DetailViewController.swift in Sources */ = {isa = PBXBuildFile; fileRef = BD0E3ADF1E35C79300559A30 /* DetailViewController.swift */; };
		BD11EFA41E2232FE00ACA7D1 /* AppDelegate.swift in Sources */ = {isa = PBXBuildFile; fileRef = BD11EFA31E2232FE00ACA7D1 /* AppDelegate.swift */; };
		BD11EFA61E2232FE00ACA7D1 /* ViewController.swift in Sources */ = {isa = PBXBuildFile; fileRef = BD11EFA51E2232FE00ACA7D1 /* ViewController.swift */; };
		BD11EFA91E2232FE00ACA7D1 /* Main.storyboard in Resources */ = {isa = PBXBuildFile; fileRef = BD11EFA71E2232FE00ACA7D1 /* Main.storyboard */; };
		BD11EFAB1E2232FE00ACA7D1 /* Assets.xcassets in Resources */ = {isa = PBXBuildFile; fileRef = BD11EFAA1E2232FE00ACA7D1 /* Assets.xcassets */; };
		BD11EFAE1E2232FE00ACA7D1 /* LaunchScreen.storyboard in Resources */ = {isa = PBXBuildFile; fileRef = BD11EFAC1E2232FE00ACA7D1 /* LaunchScreen.storyboard */; };
		BD11EFB61E22346600ACA7D1 /* ItemViewController.swift in Sources */ = {isa = PBXBuildFile; fileRef = BD11EFB51E22346600ACA7D1 /* ItemViewController.swift */; };
		BD11EFB81E22350500ACA7D1 /* Item.swift in Sources */ = {isa = PBXBuildFile; fileRef = BD11EFB71E22350500ACA7D1 /* Item.swift */; };
		BD11EFBA1E2238E300ACA7D1 /* ItemStore.swift in Sources */ = {isa = PBXBuildFile; fileRef = BD11EFB91E2238E300ACA7D1 /* ItemStore.swift */; };
		BDDCBCF01E23B50800A1FA53 /* ItemCell.swift in Sources */ = {isa = PBXBuildFile; fileRef = BDDCBCEF1E23B50800A1FA53 /* ItemCell.swift */; };
/* End PBXBuildFile section */

/* Begin PBXFileReference section */
		BD0E3ADF1E35C79300559A30 /* DetailViewController.swift */ = {isa = PBXFileReference; fileEncoding = 4; lastKnownFileType = sourcecode.swift; path = DetailViewController.swift; sourceTree = "<group>"; };
		BD11EFA01E2232FE00ACA7D1 /* Homepwner.app */ = {isa = PBXFileReference; explicitFileType = wrapper.application; includeInIndex = 0; path = Homepwner.app; sourceTree = BUILT_PRODUCTS_DIR; };
		BD11EFA31E2232FE00ACA7D1 /* AppDelegate.swift */ = {isa = PBXFileReference; lastKnownFileType = sourcecode.swift; path = AppDelegate.swift; sourceTree = "<group>"; };
		BD11EFA51E2232FE00ACA7D1 /* ViewController.swift */ = {isa = PBXFileReference; lastKnownFileType = sourcecode.swift; path = ViewController.swift; sourceTree = "<group>"; };
		BD11EFA81E2232FE00ACA7D1 /* Base */ = {isa = PBXFileReference; lastKnownFileType = file.storyboard; name = Base; path = Base.lproj/Main.storyboard; sourceTree = "<group>"; };
		BD11EFAA1E2232FE00ACA7D1 /* Assets.xcassets */ = {isa = PBXFileReference; lastKnownFileType = folder.assetcatalog; path = Assets.xcassets; sourceTree = "<group>"; };
		BD11EFAD1E2232FE00ACA7D1 /* Base */ = {isa = PBXFileReference; lastKnownFileType = file.storyboard; name = Base; path = Base.lproj/LaunchScreen.storyboard; sourceTree = "<group>"; };
		BD11EFAF1E2232FE00ACA7D1 /* Info.plist */ = {isa = PBXFileReference; lastKnownFileType = text.plist.xml; path = Info.plist; sourceTree = "<group>"; };
		BD11EFB51E22346600ACA7D1 /* ItemViewController.swift */ = {isa = PBXFileReference; fileEncoding = 4; lastKnownFileType = sourcecode.swift; name = ItemViewController.swift; path = ../ItemViewController.swift; sourceTree = "<group>"; };
		BD11EFB71E22350500ACA7D1 /* Item.swift */ = {isa = PBXFileReference; fileEncoding = 4; lastKnownFileType = sourcecode.swift; path = Item.swift; sourceTree = "<group>"; };
		BD11EFB91E2238E300ACA7D1 /* ItemStore.swift */ = {isa = PBXFileReference; fileEncoding = 4; lastKnownFileType = sourcecode.swift; path = ItemStore.swift; sourceTree = "<group>"; };
		BDDCBCEF1E23B50800A1FA53 /* ItemCell.swift */ = {isa = PBXFileReference; fileEncoding = 4; lastKnownFileType = sourcecode.swift; path = ItemCell.swift; sourceTree = "<group>"; };
/* End PBXFileReference section */

/* Begin PBXFrameworksBuildPhase section */
		BD11EF9D1E2232FE00ACA7D1 /* Frameworks */ = {
			isa = PBXFrameworksBuildPhase;
			buildActionMask = 2147483647;
			files = (
			);
			runOnlyForDeploymentPostprocessing = 0;
		};
/* End PBXFrameworksBuildPhase section */

/* Begin PBXGroup section */
		BD11EF971E2232FE00ACA7D1 = {
			isa = PBXGroup;
			children = (
				BD0E3ADF1E35C79300559A30 /* DetailViewController.swift */,
				BD11EFA21E2232FE00ACA7D1 /* Homepwner */,
				BD11EFA11E2232FE00ACA7D1 /* Products */,
			);
			sourceTree = "<group>";
		};
		BD11EFA11E2232FE00ACA7D1 /* Products */ = {
			isa = PBXGroup;
			children = (
				BD11EFA01E2232FE00ACA7D1 /* Homepwner.app */,
			);
			name = Products;
			sourceTree = "<group>";
		};
		BD11EFA21E2232FE00ACA7D1 /* Homepwner */ = {
			isa = PBXGroup;
			children = (
				BD11EFB51E22346600ACA7D1 /* ItemViewController.swift */,
				BD11EFA31E2232FE00ACA7D1 /* AppDelegate.swift */,
				BD11EFA51E2232FE00ACA7D1 /* ViewController.swift */,
				BD11EFA71E2232FE00ACA7D1 /* Main.storyboard */,
				BDDCBCEF1E23B50800A1FA53 /* ItemCell.swift */,
				BD11EFB71E22350500ACA7D1 /* Item.swift */,
				BD11EFB91E2238E300ACA7D1 /* ItemStore.swift */,
				BD11EFAA1E2232FE00ACA7D1 /* Assets.xcassets */,
				BD11EFAC1E2232FE00ACA7D1 /* LaunchScreen.storyboard */,
				BD11EFAF1E2232FE00ACA7D1 /* Info.plist */,
			);
			path = Homepwner;
			sourceTree = "<group>";
		};
/* End PBXGroup section */

/* Begin PBXNativeTarget section */
		BD11EF9F1E2232FE00ACA7D1 /* Homepwner */ = {
			isa = PBXNativeTarget;
			buildConfigurationList = BD11EFB21E2232FE00ACA7D1 /* Build configuration list for PBXNativeTarget "Homepwner" */;
			buildPhases = (
				BD11EF9C1E2232FE00ACA7D1 /* Sources */,
				BD11EF9D1E2232FE00ACA7D1 /* Frameworks */,
				BD11EF9E1E2232FE00ACA7D1 /* Resources */,
			);
			buildRules = (
			);
			dependencies = (
			);
			name = Homepwner;
			productName = Homepwner;
			productReference = BD11EFA01E2232FE00ACA7D1 /* Homepwner.app */;
			productType = "com.apple.product-type.application";
		};
/* End PBXNativeTarget section */

/* Begin PBXProject section */
		BD11EF981E2232FE00ACA7D1 /* Project object */ = {
			isa = PBXProject;
			attributes = {
				LastSwiftUpdateCheck = 0820;
				LastUpgradeCheck = 0820;
				ORGANIZATIONNAME = "Changzhou Panda";
				TargetAttributes = {
					BD11EF9F1E2232FE00ACA7D1 = {
						CreatedOnToolsVersion = 8.2.1;
						ProvisioningStyle = Automatic;
					};
				};
			};
			buildConfigurationList = BD11EF9B1E2232FE00ACA7D1 /* Build configuration list for PBXProject "Homepwner" */;
			compatibilityVersion = "Xcode 3.2";
			developmentRegion = English;
			hasScannedForEncodings = 0;
			knownRegions = (
				en,
				Base,
			);
			mainGroup = BD11EF971E2232FE00ACA7D1;
			productRefGroup = BD11EFA11E2232FE00ACA7D1 /* Products */;
			projectDirPath = "";
			projectRoot = "";
			targets = (
				BD11EF9F1E2232FE00ACA7D1 /* Homepwner */,
			);
		};
/* End PBXProject section */

/* Begin PBXResourcesBuildPhase section */
		BD11EF9E1E2232FE00ACA7D1 /* Resources */ = {
			isa = PBXResourcesBuildPhase;
			buildActionMask = 2147483647;
			files = (
				BD11EFAE1E2232FE00ACA7D1 /* LaunchScreen.storyboard in Resources */,
				BD11EFAB1E2232FE00ACA7D1 /* Assets.xcassets in Resources */,
				BD11EFA91E2232FE00ACA7D1 /* Main.storyboard in Resources */,
			);
			runOnlyForDeploymentPostprocessing = 0;
		};
/* End PBXResourcesBuildPhase section */

/* Begin PBXSourcesBuildPhase section */
		BD11EF9C1E2232FE00ACA7D1 /* Sources */ = {
			isa = PBXSourcesBuildPhase;
			buildActionMask = 2147483647;
			files = (
				BD11EFB81E22350500ACA7D1 /* Item.swift in Sources */,
				BD11EFA61E2232FE00ACA7D1 /* ViewController.swift in Sources */,
				BDDCBCF01E23B50800A1FA53 /* ItemCell.swift in Sources */,
				BD11EFA41E2232FE00ACA7D1 /* AppDelegate.swift in Sources */,
				BD11EFBA1E2238E300ACA7D1 /* ItemStore.swift in Sources */,
				BD11EFB61E22346600ACA7D1 /* ItemViewController.swift in Sources */,
				BD0E3AE01E35C79300559A30 /* DetailViewController.swift in Sources */,
			);
			runOnlyForDeploymentPostprocessing = 0;
		};
/* End PBXSourcesBuildPhase section */

/* Begin PBXVariantGroup section */
		BD11EFA71E2232FE00ACA7D1 /* Main.storyboard */ = {
			isa = PBXVariantGroup;
			children = (
				BD11EFA81E2232FE00ACA7D1 /* Base */,
			);
			name = Main.storyboard;
			sourceTree = "<group>";
		};
		BD11EFAC1E2232FE00ACA7D1 /* LaunchScreen.storyboard */ = {
			isa = PBXVariantGroup;
			children = (
				BD11EFAD1E2232FE00ACA7D1 /* Base */,
			);
			name = LaunchScreen.storyboard;
			sourceTree = "<group>";
		};
/* End PBXVariantGroup section */

/* Begin XCBuildConfiguration section */
		BD11EFB01E2232FE00ACA7D1 /* Debug */ = {
			isa = XCBuildConfiguration;
			buildSettings = {
				ALWAYS_SEARCH_USER_PATHS = NO;
				CLANG_ANALYZER_NONNULL = YES;
				CLANG_CXX_LANGUAGE_STANDARD = "gnu++0x";
				CLANG_CXX_LIBRARY = "libc++";
				CLANG_ENABLE_MODULES = YES;
				CLANG_ENABLE_OBJC_ARC = YES;
				CLANG_WARN_BOOL_CONVERSION = YES;
				CLANG_WARN_CONSTANT_CONVERSION = YES;
				CLANG_WARN_DIRECT_OBJC_ISA_USAGE = YES_ERROR;
				CLANG_WARN_DOCUMENTATION_COMMENTS = YES;
				CLANG_WARN_EMPTY_BODY = YES;
				CLANG_WARN_ENUM_CONVERSION = YES;
				CLANG_WARN_INFINITE_RECURSION = YES;
				CLANG_WARN_INT_CONVERSION = YES;
				CLANG_WARN_OBJC_ROOT_CLASS = YES_ERROR;
				CLANG_WARN_SUSPICIOUS_MOVE = YES;
				CLANG_WARN_UNREACHABLE_CODE = YES;
				CLANG_WARN__DUPLICATE_METHOD_MATCH = YES;
				"CODE_SIGN_IDENTITY[sdk=iphoneos*]" = "iPhone Developer";
				COPY_PHASE_STRIP = NO;
				DEBUG_INFORMATION_FORMAT = dwarf;
				ENABLE_STRICT_OBJC_MSGSEND = YES;
				ENABLE_TESTABILITY = YES;
				GCC_C_LANGUAGE_STANDARD = gnu99;
				GCC_DYNAMIC_NO_PIC = NO;
				GCC_NO_COMMON_BLOCKS = YES;
				GCC_OPTIMIZATION_LEVEL = 0;
				GCC_PREPROCESSOR_DEFINITIONS = (
					"DEBUG=1",
					"$(inherited)",
				);
				GCC_WARN_64_TO_32_BIT_CONVERSION = YES;
				GCC_WARN_ABOUT_RETURN_TYPE = YES_ERROR;
				GCC_WARN_UNDECLARED_SELECTOR = YES;
				GCC_WARN_UNINITIALIZED_AUTOS = YES_AGGRESSIVE;
				GCC_WARN_UNUSED_FUNCTION = YES;
				GCC_WARN_UNUSED_VARIABLE = YES;
				IPHONEOS_DEPLOYMENT_TARGET = 10.2;
				MTL_ENABLE_DEBUG_INFO = YES;
				ONLY_ACTIVE_ARCH = YES;
				SDKROOT = iphoneos;
				SWIFT_ACTIVE_COMPILATION_CONDITIONS = DEBUG;
				SWIFT_OPTIMIZATION_LEVEL = "-Onone";
				TARGETED_DEVICE_FAMILY = "1,2";
			};
			name = Debug;
		};
		BD11EFB11E2232FE00ACA7D1 /* Release */ = {
			isa = XCBuildConfiguration;
			buildSettings = {
				ALWAYS_SEARCH_USER_PATHS = NO;
				CLANG_ANALYZER_NONNULL = YES;
				CLANG_CXX_LANGUAGE_STANDARD = "gnu++0x";
				CLANG_CXX_LIBRARY = "libc++";
				CLANG_ENABLE_MODULES = YES;
				CLANG_ENABLE_OBJC_ARC = YES;
				CLANG_WARN_BOOL_CONVERSION = YES;
				CLANG_WARN_CONSTANT_CONVERSION = YES;
				CLANG_WARN_DIRECT_OBJC_ISA_USAGE = YES_ERROR;
				CLANG_WARN_DOCUMENTATION_COMMENTS = YES;
				CLANG_WARN_EMPTY_BODY = YES;
				CLANG_WARN_ENUM_CONVERSION = YES;
				CLANG_WARN_INFINITE_RECURSION = YES;
				CLANG_WARN_INT_CONVERSION = YES;
				CLANG_WARN_OBJC_ROOT_CLASS = YES_ERROR;
				CLANG_WARN_SUSPICIOUS_MOVE = YES;
				CLANG_WARN_UNREACHABLE_CODE = YES;
				CLANG_WARN__DUPLICATE_METHOD_MATCH = YES;
				"CODE_SIGN_IDENTITY[sdk=iphoneos*]" = "iPhone Developer";
				COPY_PHASE_STRIP = NO;
				DEBUG_INFORMATION_FORMAT = "dwarf-with-dsym";
				ENABLE_NS_ASSERTIONS = NO;
				ENABLE_STRICT_OBJC_MSGSEND = YES;
				GCC_C_LANGUAGE_STANDARD = gnu99;
				GCC_NO_COMMON_BLOCKS = YES;
				GCC_WARN_64_TO_32_BIT_CONVERSION = YES;
				GCC_WARN_ABOUT_RETURN_TYPE = YES_ERROR;
				GCC_WARN_UNDECLARED_SELECTOR = YES;
				GCC_WARN_UNINITIALIZED_AUTOS = YES_AGGRESSIVE;
				GCC_WARN_UNUSED_FUNCTION = YES;
				GCC_WARN_UNUSED_VARIABLE = YES;
				IPHONEOS_DEPLOYMENT_TARGET = 10.2;
				MTL_ENABLE_DEBUG_INFO = NO;
				SDKROOT = iphoneos;
				SWIFT_OPTIMIZATION_LEVEL = "-Owholemodule";
				TARGETED_DEVICE_FAMILY = "1,2";
				VALIDATE_PRODUCT = YES;
			};
			name = Release;
		};
		BD11EFB31E2232FE00ACA7D1 /* Debug */ = {
			isa = XCBuildConfiguration;
			buildSettings = {
				ASSETCATALOG_COMPILER_APPICON_NAME = AppIcon;
				INFOPLIST_FILE = Homepwner/Info.plist;
				LD_RUNPATH_SEARCH_PATHS = "$(inherited) @executable_path/Frameworks";
				PRODUCT_BUNDLE_IDENTIFIER = com.changzhoupanda.Homepwner;
				PRODUCT_NAME = "$(TARGET_NAME)";
				SWIFT_VERSION = 3.0;
			};
			name = Debug;
		};
		BD11EFB41E2232FE00ACA7D1 /* Release */ = {
			isa = XCBuildConfiguration;
			buildSettings = {
				ASSETCATALOG_COMPILER_APPICON_NAME = AppIcon;
				INFOPLIST_FILE = Homepwner/Info.plist;
				LD_RUNPATH_SEARCH_PATHS = "$(inherited) @executable_path/Frameworks";
				PRODUCT_BUNDLE_IDENTIFIER = com.changzhoupanda.Homepwner;
				PRODUCT_NAME = "$(TARGET_NAME)";
				SWIFT_VERSION = 3.0;
			};
			name = Release;
		};
/* End XCBuildConfiguration section */

/* Begin XCConfigurationList section */
		BD11EF9B1E2232FE00ACA7D1 /* Build configuration list for PBXProject "Homepwner" */ = {
			isa = XCConfigurationList;
			buildConfigurations = (
				BD11EFB01E2232FE00ACA7D1 /* Debug */,
				BD11EFB11E2232FE00ACA7D1 /* Release */,
			);
			defaultConfigurationIsVisible = 0;
			defaultConfigurationName = Release;
		};
		BD11EFB21E2232FE00ACA7D1 /* Build configuration list for PBXNativeTarget "Homepwner" */ = {
			isa = XCConfigurationList;
			buildConfigurations = (
				BD11EFB31E2232FE00ACA7D1 /* Debug */,
				BD11EFB41E2232FE00ACA7D1 /* Release */,
			);
			defaultConfigurationIsVisible = 0;
			defaultConfigurationName = Release;
		};
/* End XCConfigurationList section */
	};
	rootObject = BD11EF981E2232FE00ACA7D1 /* Project object */;
}
